
Microsoft Visual Studio Solution File, Format Version 12.00
# Visual Studio Version 17
VisualStudioVersion = 17.9.34728.123
MinimumVisualStudioVersion = 10.0.40219.1
Project("{FAE04EC0-301F-11D3-BF4B-00C04F79EFBC}") = "BookLibrary", "BookLibrary.csproj", "{EC800A09-F0C2-4A3E-80B5-DB17A665F56B}"
EndProject
Global
	GlobalSection(SolutionConfigurationPlatforms) = preSolution
		Debug|Any CPU = Debug|Any CPU
		Release|Any CPU = Release|Any CPU
	EndGlobalSection
	GlobalSection(ProjectConfigurationPlatforms) = postSolution
		{EC800A09-F0C2-4A3E-80B5-DB17A665F56B}.Debug|Any CPU.ActiveCfg = Debug|Any CPU
		{EC800A09-F0C2-4A3E-80B5-DB17A665F56B}.Debug|Any CPU.Build.0 = Debug|Any CPU
		{EC800A09-F0C2-4A3E-80B5-DB17A665F56B}.Release|Any CPU.ActiveCfg = Release|Any CPU
		{EC800A09-F0C2-4A3E-80B5-DB17A665F56B}.Release|Any CPU.Build.0 = Release|Any CPU
	EndGlobalSection
	GlobalSection(SolutionProperties) = preSolution
		HideSolutionNode = FALSE
	EndGlobalSection
	GlobalSection(ExtensibilityGlobals) = postSolution
		SolutionGuid = {F02246E7-B882-44EF-8E77-20354B782E98}
	EndGlobalSection
EndGlobal
